
Microsoft Visual Studio Solution File, Format Version 12.00
# Visual Studio 15
Project("{FAE04EC0-301F-11D3-BF4B-00C04F79EFBC}") = "Assembly-CSharp", "Assembly-CSharp.csproj", "{EB95B5E2-52FB-12CE-6494-B1A3EBDE3505}"
EndProject
Project("{FAE04EC0-301F-11D3-BF4B-00C04F79EFBC}") = "Assembly-CSharp-Editor", "Assembly-CSharp-Editor.csproj", "{03F3F170-0D10-364C-3AF7-CBAB2D421F6E}"
EndProject
Global
	GlobalSection(SolutionConfigurationPlatforms) = preSolution
		Debug|Any CPU = Debug|Any CPU
		Release|Any CPU = Release|Any CPU
	EndGlobalSection
	GlobalSection(ProjectConfigurationPlatforms) = postSolution
		{EB95B5E2-52FB-12CE-6494-B1A3EBDE3505}.Debug|Any CPU.ActiveCfg = Debug|Any CPU
		{EB95B5E2-52FB-12CE-6494-B1A3EBDE3505}.Debug|Any CPU.Build.0 = Debug|Any CPU
		{EB95B5E2-52FB-12CE-6494-B1A3EBDE3505}.Release|Any CPU.ActiveCfg = Release|Any CPU
		{EB95B5E2-52FB-12CE-6494-B1A3EBDE3505}.Release|Any CPU.Build.0 = Release|Any CPU
		{03F3F170-0D10-364C-3AF7-CBAB2D421F6E}.Debug|Any CPU.ActiveCfg = Debug|Any CPU
		{03F3F170-0D10-364C-3AF7-CBAB2D421F6E}.Debug|Any CPU.Build.0 = Debug|Any CPU
		{03F3F170-0D10-364C-3AF7-CBAB2D421F6E}.Release|Any CPU.ActiveCfg = Release|Any CPU
		{03F3F170-0D10-364C-3AF7-CBAB2D421F6E}.Release|Any CPU.Build.0 = Release|Any CPU
	EndGlobalSection
	GlobalSection(SolutionProperties) = preSolution
		HideSolutionNode = FALSE
	EndGlobalSection
EndGlobal
